// !$*UTF8*$!
{
	archiveVersion = 1;
	classes = {
	};
	objectVersion = 56;
	objects = {

/* Begin PBXBuildFile section */
		776454DA2B6F8FB20092B895 /* MovieListCell.swift in Sources */ = {isa = PBXBuildFile; fileRef = 776454D92B6F8FB20092B895 /* MovieListCell.swift */; };
		776454DC2B6FA15E0092B895 /* MovieListCellViewModel.swift in Sources */ = {isa = PBXBuildFile; fileRef = 776454DB2B6FA15E0092B895 /* MovieListCellViewModel.swift */; };
		776454DF2B6FB4450092B895 /* SDWebImage in Frameworks */ = {isa = PBXBuildFile; productRef = 776454DE2B6FB4450092B895 /* SDWebImage */; };
		776454E12B6FB4450092B895 /* SDWebImageMapKit in Frameworks */ = {isa = PBXBuildFile; productRef = 776454E02B6FB4450092B895 /* SDWebImageMapKit */; };
		776454E52B6FBDD30092B895 /* Date+Extension.swift in Sources */ = {isa = PBXBuildFile; fileRef = 776454E42B6FBDD30092B895 /* Date+Extension.swift */; };
		776454E72B6FBE260092B895 /* DateFormatter+Extension.swift in Sources */ = {isa = PBXBuildFile; fileRef = 776454E62B6FBE260092B895 /* DateFormatter+Extension.swift */; };
		776454E92B6FC2250092B895 /* String+Extension.swift in Sources */ = {isa = PBXBuildFile; fileRef = 776454E82B6FC2250092B895 /* String+Extension.swift */; };
		776454EB2B6FC43D0092B895 /* UINavigationItem+Extension.swift in Sources */ = {isa = PBXBuildFile; fileRef = 776454EA2B6FC43D0092B895 /* UINavigationItem+Extension.swift */; };
		776454EE2B6FE4240092B895 /* DetailsMovieViewController.swift in Sources */ = {isa = PBXBuildFile; fileRef = 776454ED2B6FE4240092B895 /* DetailsMovieViewController.swift */; };
		776454F02B6FE65C0092B895 /* DetailsMovieViewModel.swift in Sources */ = {isa = PBXBuildFile; fileRef = 776454EF2B6FE65C0092B895 /* DetailsMovieViewModel.swift */; };
		776454F32B7013770092B895 /* DBService.swift in Sources */ = {isa = PBXBuildFile; fileRef = 776454F22B7013770092B895 /* DBService.swift */; };
		776454F72B702A930092B895 /* MovieGenre.swift in Sources */ = {isa = PBXBuildFile; fileRef = 776454F62B702A930092B895 /* MovieGenre.swift */; };
		776454FD2B7032C80092B895 /* FavoritesViewController+TableView.swift in Sources */ = {isa = PBXBuildFile; fileRef = 776454FC2B7032C80092B895 /* FavoritesViewController+TableView.swift */; };
		776455002B70D3EB0092B895 /* DetailsFavoriteViewController.swift in Sources */ = {isa = PBXBuildFile; fileRef = 776454FF2B70D3EB0092B895 /* DetailsFavoriteViewController.swift */; };
		776455022B70D7990092B895 /* DetailsFavoriteViewModel.swift in Sources */ = {isa = PBXBuildFile; fileRef = 776455012B70D7990092B895 /* DetailsFavoriteViewModel.swift */; };
		776455042B70E4A00092B895 /* FavoritesViewModel.swift in Sources */ = {isa = PBXBuildFile; fileRef = 776455032B70E4A00092B895 /* FavoritesViewModel.swift */; };
		777C724C2B6D99A000A86A5B /* AppDelegate.swift in Sources */ = {isa = PBXBuildFile; fileRef = 777C724B2B6D99A000A86A5B /* AppDelegate.swift */; };
		777C724E2B6D99A000A86A5B /* SceneDelegate.swift in Sources */ = {isa = PBXBuildFile; fileRef = 777C724D2B6D99A000A86A5B /* SceneDelegate.swift */; };
		777C72562B6D99A000A86A5B /* NitrixMovies.xcdatamodeld in Sources */ = {isa = PBXBuildFile; fileRef = 777C72542B6D99A000A86A5B /* NitrixMovies.xcdatamodeld */; };
		777C72582B6D99A200A86A5B /* Assets.xcassets in Resources */ = {isa = PBXBuildFile; fileRef = 777C72572B6D99A200A86A5B /* Assets.xcassets */; };
		777C725B2B6D99A200A86A5B /* LaunchScreen.storyboard in Resources */ = {isa = PBXBuildFile; fileRef = 777C72592B6D99A200A86A5B /* LaunchScreen.storyboard */; };
		777C72642B6D9C2D00A86A5B /* MovieListViewController.swift in Sources */ = {isa = PBXBuildFile; fileRef = 777C72632B6D9C2D00A86A5B /* MovieListViewController.swift */; };
		777C72662B6D9C8600A86A5B /* FavoritesViewController.swift in Sources */ = {isa = PBXBuildFile; fileRef = 777C72652B6D9C8600A86A5B /* FavoritesViewController.swift */; };
		777C72682B6D9CFC00A86A5B /* TabBarController.swift in Sources */ = {isa = PBXBuildFile; fileRef = 777C72672B6D9CFC00A86A5B /* TabBarController.swift */; };
		777C727D2B6E754600A86A5B /* MovieListViewModel.swift in Sources */ = {isa = PBXBuildFile; fileRef = 777C727C2B6E754600A86A5B /* MovieListViewModel.swift */; };
		778ACF5F2B6E7747002536D0 /* MovieListViewController+TableView.swift in Sources */ = {isa = PBXBuildFile; fileRef = 778ACF5E2B6E7747002536D0 /* MovieListViewController+TableView.swift */; };
		778ACF612B6E7BA4002536D0 /* NetworkConstants.swift in Sources */ = {isa = PBXBuildFile; fileRef = 778ACF602B6E7BA4002536D0 /* NetworkConstants.swift */; };
		778ACF632B6E7CB7002536D0 /* APICaller.swift in Sources */ = {isa = PBXBuildFile; fileRef = 778ACF622B6E7CB7002536D0 /* APICaller.swift */; };
		778ACF652B6E7D18002536D0 /* MovieModel.swift in Sources */ = {isa = PBXBuildFile; fileRef = 778ACF642B6E7D18002536D0 /* MovieModel.swift */; };
		778ACF672B6E7DB1002536D0 /* NetworkError.swift in Sources */ = {isa = PBXBuildFile; fileRef = 778ACF662B6E7DB1002536D0 /* NetworkError.swift */; };
		778ACF692B6E86CF002536D0 /* Observable.swift in Sources */ = {isa = PBXBuildFile; fileRef = 778ACF682B6E86CF002536D0 /* Observable.swift */; };
/* End PBXBuildFile section */

/* Begin PBXFileReference section */
		776454D92B6F8FB20092B895 /* MovieListCell.swift */ = {isa = PBXFileReference; lastKnownFileType = sourcecode.swift; path = MovieListCell.swift; sourceTree = "<group>"; };
		776454DB2B6FA15E0092B895 /* MovieListCellViewModel.swift */ = {isa = PBXFileReference; lastKnownFileType = sourcecode.swift; path = MovieListCellViewModel.swift; sourceTree = "<group>"; };
		776454E42B6FBDD30092B895 /* Date+Extension.swift */ = {isa = PBXFileReference; lastKnownFileType = sourcecode.swift; path = "Date+Extension.swift"; sourceTree = "<group>"; };
		776454E62B6FBE260092B895 /* DateFormatter+Extension.swift */ = {isa = PBXFileReference; lastKnownFileType = sourcecode.swift; path = "DateFormatter+Extension.swift"; sourceTree = "<group>"; };
		776454E82B6FC2250092B895 /* String+Extension.swift */ = {isa = PBXFileReference; lastKnownFileType = sourcecode.swift; path = "String+Extension.swift"; sourceTree = "<group>"; };
		776454EA2B6FC43D0092B895 /* UINavigationItem+Extension.swift */ = {isa = PBXFileReference; lastKnownFileType = sourcecode.swift; path = "UINavigationItem+Extension.swift"; sourceTree = "<group>"; };
		776454ED2B6FE4240092B895 /* DetailsMovieViewController.swift */ = {isa = PBXFileReference; lastKnownFileType = sourcecode.swift; path = DetailsMovieViewController.swift; sourceTree = "<group>"; };
		776454EF2B6FE65C0092B895 /* DetailsMovieViewModel.swift */ = {isa = PBXFileReference; lastKnownFileType = sourcecode.swift; path = DetailsMovieViewModel.swift; sourceTree = "<group>"; };
		776454F22B7013770092B895 /* DBService.swift */ = {isa = PBXFileReference; lastKnownFileType = sourcecode.swift; path = DBService.swift; sourceTree = "<group>"; };
		776454F62B702A930092B895 /* MovieGenre.swift */ = {isa = PBXFileReference; lastKnownFileType = sourcecode.swift; path = MovieGenre.swift; sourceTree = "<group>"; };
		776454FC2B7032C80092B895 /* FavoritesViewController+TableView.swift */ = {isa = PBXFileReference; lastKnownFileType = sourcecode.swift; path = "FavoritesViewController+TableView.swift"; sourceTree = "<group>"; };
		776454FF2B70D3EB0092B895 /* DetailsFavoriteViewController.swift */ = {isa = PBXFileReference; lastKnownFileType = sourcecode.swift; name = DetailsFavoriteViewController.swift; path = NitrixMovies/Controllers/Favorites/DetailsFavoriteViewController.swift; sourceTree = SOURCE_ROOT; };
		776455012B70D7990092B895 /* DetailsFavoriteViewModel.swift */ = {isa = PBXFileReference; lastKnownFileType = sourcecode.swift; path = DetailsFavoriteViewModel.swift; sourceTree = "<group>"; };
		776455032B70E4A00092B895 /* FavoritesViewModel.swift */ = {isa = PBXFileReference; lastKnownFileType = sourcecode.swift; path = FavoritesViewModel.swift; sourceTree = "<group>"; };
		777C72482B6D99A000A86A5B /* NitrixMovies.app */ = {isa = PBXFileReference; explicitFileType = wrapper.application; includeInIndex = 0; path = NitrixMovies.app; sourceTree = BUILT_PRODUCTS_DIR; };
		777C724B2B6D99A000A86A5B /* AppDelegate.swift */ = {isa = PBXFileReference; lastKnownFileType = sourcecode.swift; path = AppDelegate.swift; sourceTree = "<group>"; };
		777C724D2B6D99A000A86A5B /* SceneDelegate.swift */ = {isa = PBXFileReference; lastKnownFileType = sourcecode.swift; path = SceneDelegate.swift; sourceTree = "<group>"; };
		777C72552B6D99A000A86A5B /* NitrixMovies.xcdatamodel */ = {isa = PBXFileReference; lastKnownFileType = wrapper.xcdatamodel; path = NitrixMovies.xcdatamodel; sourceTree = "<group>"; };
		777C72572B6D99A200A86A5B /* Assets.xcassets */ = {isa = PBXFileReference; lastKnownFileType = folder.assetcatalog; path = Assets.xcassets; sourceTree = "<group>"; };
		777C725A2B6D99A200A86A5B /* Base */ = {isa = PBXFileReference; lastKnownFileType = file.storyboard; name = Base; path = Base.lproj/LaunchScreen.storyboard; sourceTree = "<group>"; };
		777C725C2B6D99A200A86A5B /* Info.plist */ = {isa = PBXFileReference; lastKnownFileType = text.plist.xml; path = Info.plist; sourceTree = "<group>"; };
		777C72632B6D9C2D00A86A5B /* MovieListViewController.swift */ = {isa = PBXFileReference; lastKnownFileType = sourcecode.swift; path = MovieListViewController.swift; sourceTree = "<group>"; };
		777C72652B6D9C8600A86A5B /* FavoritesViewController.swift */ = {isa = PBXFileReference; lastKnownFileType = sourcecode.swift; path = FavoritesViewController.swift; sourceTree = "<group>"; };
		777C72672B6D9CFC00A86A5B /* TabBarController.swift */ = {isa = PBXFileReference; lastKnownFileType = sourcecode.swift; path = TabBarController.swift; sourceTree = "<group>"; };
		777C727C2B6E754600A86A5B /* MovieListViewModel.swift */ = {isa = PBXFileReference; lastKnownFileType = sourcecode.swift; path = MovieListViewModel.swift; sourceTree = "<group>"; };
		778ACF5E2B6E7747002536D0 /* MovieListViewController+TableView.swift */ = {isa = PBXFileReference; lastKnownFileType = sourcecode.swift; path = "MovieListViewController+TableView.swift"; sourceTree = "<group>"; };
		778ACF602B6E7BA4002536D0 /* NetworkConstants.swift */ = {isa = PBXFileReference; lastKnownFileType = sourcecode.swift; path = NetworkConstants.swift; sourceTree = "<group>"; };
		778ACF622B6E7CB7002536D0 /* APICaller.swift */ = {isa = PBXFileReference; lastKnownFileType = sourcecode.swift; path = APICaller.swift; sourceTree = "<group>"; };
		778ACF642B6E7D18002536D0 /* MovieModel.swift */ = {isa = PBXFileReference; lastKnownFileType = sourcecode.swift; path = MovieModel.swift; sourceTree = "<group>"; };
		778ACF662B6E7DB1002536D0 /* NetworkError.swift */ = {isa = PBXFileReference; lastKnownFileType = sourcecode.swift; path = NetworkError.swift; sourceTree = "<group>"; };
		778ACF682B6E86CF002536D0 /* Observable.swift */ = {isa = PBXFileReference; lastKnownFileType = sourcecode.swift; path = Observable.swift; sourceTree = "<group>"; };
/* End PBXFileReference section */

/* Begin PBXFrameworksBuildPhase section */
		777C72452B6D99A000A86A5B /* Frameworks */ = {
			isa = PBXFrameworksBuildPhase;
			buildActionMask = 2147483647;
			files = (
				776454E12B6FB4450092B895 /* SDWebImageMapKit in Frameworks */,
				776454DF2B6FB4450092B895 /* SDWebImage in Frameworks */,
			);
			runOnlyForDeploymentPostprocessing = 0;
		};
/* End PBXFrameworksBuildPhase section */

/* Begin PBXGroup section */
		776454EC2B6FE3CB0092B895 /* MovieList */ = {
			isa = PBXGroup;
			children = (
				777C72632B6D9C2D00A86A5B /* MovieListViewController.swift */,
				778ACF5E2B6E7747002536D0 /* MovieListViewController+TableView.swift */,
				776454ED2B6FE4240092B895 /* DetailsMovieViewController.swift */,
			);
			path = MovieList;
			sourceTree = "<group>";
		};
		776454F12B7013650092B895 /* CoreData */ = {
			isa = PBXGroup;
			children = (
				777C72542B6D99A000A86A5B /* NitrixMovies.xcdatamodeld */,
				776454F22B7013770092B895 /* DBService.swift */,
			);
			path = CoreData;
			sourceTree = "<group>";
		};
		776454FE2B7032DB0092B895 /* Favorites */ = {
			isa = PBXGroup;
			children = (
				777C72652B6D9C8600A86A5B /* FavoritesViewController.swift */,
				776454FC2B7032C80092B895 /* FavoritesViewController+TableView.swift */,
				776454FF2B70D3EB0092B895 /* DetailsFavoriteViewController.swift */,
			);
			path = Favorites;
			sourceTree = "<group>";
		};
		777C723F2B6D99A000A86A5B = {
			isa = PBXGroup;
			children = (
				777C724A2B6D99A000A86A5B /* NitrixMovies */,
				777C72492B6D99A000A86A5B /* Products */,
			);
			sourceTree = "<group>";
		};
		777C72492B6D99A000A86A5B /* Products */ = {
			isa = PBXGroup;
			children = (
				777C72482B6D99A000A86A5B /* NitrixMovies.app */,
			);
			name = Products;
			sourceTree = "<group>";
		};
		777C724A2B6D99A000A86A5B /* NitrixMovies */ = {
			isa = PBXGroup;
			children = (
				776454F12B7013650092B895 /* CoreData */,
				777C72792B6E734000A86A5B /* Networking */,
				777C72752B6E730F00A86A5B /* Classes */,
				777C72762B6E732200A86A5B /* Controllers */,
				777C72772B6E732B00A86A5B /* Extensions */,
				777C72782B6E733600A86A5B /* Models */,
				777C727B2B6E735500A86A5B /* Views */,
				777C727A2B6E734E00A86A5B /* ViewModels */,
				777C72622B6D9B3600A86A5B /* Supporting */,
				777C725C2B6D99A200A86A5B /* Info.plist */,
			);
			path = NitrixMovies;
			sourceTree = "<group>";
		};
		777C72622B6D9B3600A86A5B /* Supporting */ = {
			isa = PBXGroup;
			children = (
				777C72572B6D99A200A86A5B /* Assets.xcassets */,
				777C724B2B6D99A000A86A5B /* AppDelegate.swift */,
				777C724D2B6D99A000A86A5B /* SceneDelegate.swift */,
			);
			path = Supporting;
			sourceTree = "<group>";
		};
		777C72752B6E730F00A86A5B /* Classes */ = {
			isa = PBXGroup;
			children = (
				778ACF682B6E86CF002536D0 /* Observable.swift */,
			);
			path = Classes;
			sourceTree = "<group>";
		};
		777C72762B6E732200A86A5B /* Controllers */ = {
			isa = PBXGroup;
			children = (
				776454FE2B7032DB0092B895 /* Favorites */,
				776454EC2B6FE3CB0092B895 /* MovieList */,
				777C72672B6D9CFC00A86A5B /* TabBarController.swift */,
			);
			path = Controllers;
			sourceTree = "<group>";
		};
		777C72772B6E732B00A86A5B /* Extensions */ = {
			isa = PBXGroup;
			children = (
				776454E82B6FC2250092B895 /* String+Extension.swift */,
				776454E42B6FBDD30092B895 /* Date+Extension.swift */,
				776454E62B6FBE260092B895 /* DateFormatter+Extension.swift */,
				776454EA2B6FC43D0092B895 /* UINavigationItem+Extension.swift */,
			);
			path = Extensions;
			sourceTree = "<group>";
		};
		777C72782B6E733600A86A5B /* Models */ = {
			isa = PBXGroup;
			children = (
				778ACF642B6E7D18002536D0 /* MovieModel.swift */,
				776454F62B702A930092B895 /* MovieGenre.swift */,
			);
			path = Models;
			sourceTree = "<group>";
		};
		777C72792B6E734000A86A5B /* Networking */ = {
			isa = PBXGroup;
			children = (
				778ACF602B6E7BA4002536D0 /* NetworkConstants.swift */,
				778ACF622B6E7CB7002536D0 /* APICaller.swift */,
				778ACF662B6E7DB1002536D0 /* NetworkError.swift */,
			);
			path = Networking;
			sourceTree = "<group>";
		};
		777C727A2B6E734E00A86A5B /* ViewModels */ = {
			isa = PBXGroup;
			children = (
				777C727C2B6E754600A86A5B /* MovieListViewModel.swift */,
				776454DB2B6FA15E0092B895 /* MovieListCellViewModel.swift */,
				776454EF2B6FE65C0092B895 /* DetailsMovieViewModel.swift */,
				776455012B70D7990092B895 /* DetailsFavoriteViewModel.swift */,
				776455032B70E4A00092B895 /* FavoritesViewModel.swift */,
			);
			path = ViewModels;
			sourceTree = "<group>";
		};
		777C727B2B6E735500A86A5B /* Views */ = {
			isa = PBXGroup;
			children = (
				776454D92B6F8FB20092B895 /* MovieListCell.swift */,
				777C72592B6D99A200A86A5B /* LaunchScreen.storyboard */,
			);
			path = Views;
			sourceTree = "<group>";
		};
/* End PBXGroup section */

/* Begin PBXNativeTarget section */
		777C72472B6D99A000A86A5B /* NitrixMovies */ = {
			isa = PBXNativeTarget;
			buildConfigurationList = 777C725F2B6D99A200A86A5B /* Build configuration list for PBXNativeTarget "NitrixMovies" */;
			buildPhases = (
				777C72442B6D99A000A86A5B /* Sources */,
				777C72452B6D99A000A86A5B /* Frameworks */,
				777C72462B6D99A000A86A5B /* Resources */,
			);
			buildRules = (
			);
			dependencies = (
			);
			name = NitrixMovies;
			packageProductDependencies = (
				776454DE2B6FB4450092B895 /* SDWebImage */,
				776454E02B6FB4450092B895 /* SDWebImageMapKit */,
			);
			productName = NitrixMovies;
			productReference = 777C72482B6D99A000A86A5B /* NitrixMovies.app */;
			productType = "com.apple.product-type.application";
		};
/* End PBXNativeTarget section */

/* Begin PBXProject section */
		777C72402B6D99A000A86A5B /* Project object */ = {
			isa = PBXProject;
			attributes = {
				BuildIndependentTargetsInParallel = 1;
				LastSwiftUpdateCheck = 1520;
				LastUpgradeCheck = 1520;
				TargetAttributes = {
					777C72472B6D99A000A86A5B = {
						CreatedOnToolsVersion = 15.2;
					};
				};
			};
			buildConfigurationList = 777C72432B6D99A000A86A5B /* Build configuration list for PBXProject "NitrixMovies" */;
			compatibilityVersion = "Xcode 14.0";
			developmentRegion = en;
			hasScannedForEncodings = 0;
			knownRegions = (
				en,
				Base,
			);
			mainGroup = 777C723F2B6D99A000A86A5B;
			packageReferences = (
				776454DD2B6FB4450092B895 /* XCRemoteSwiftPackageReference "SDWebImage" */,
			);
			productRefGroup = 777C72492B6D99A000A86A5B /* Products */;
			projectDirPath = "";
			projectRoot = "";
			targets = (
				777C72472B6D99A000A86A5B /* NitrixMovies */,
			);
		};
/* End PBXProject section */

/* Begin PBXResourcesBuildPhase section */
		777C72462B6D99A000A86A5B /* Resources */ = {
			isa = PBXResourcesBuildPhase;
			buildActionMask = 2147483647;
			files = (
				777C725B2B6D99A200A86A5B /* LaunchScreen.storyboard in Resources */,
				777C72582B6D99A200A86A5B /* Assets.xcassets in Resources */,
			);
			runOnlyForDeploymentPostprocessing = 0;
		};
/* End PBXResourcesBuildPhase section */

/* Begin PBXSourcesBuildPhase section */
		777C72442B6D99A000A86A5B /* Sources */ = {
			isa = PBXSourcesBuildPhase;
			buildActionMask = 2147483647;
			files = (
				778ACF692B6E86CF002536D0 /* Observable.swift in Sources */,
				778ACF612B6E7BA4002536D0 /* NetworkConstants.swift in Sources */,
				777C72642B6D9C2D00A86A5B /* MovieListViewController.swift in Sources */,
				777C724C2B6D99A000A86A5B /* AppDelegate.swift in Sources */,
				776455022B70D7990092B895 /* DetailsFavoriteViewModel.swift in Sources */,
				776454FD2B7032C80092B895 /* FavoritesViewController+TableView.swift in Sources */,
				776454F72B702A930092B895 /* MovieGenre.swift in Sources */,
				776454E92B6FC2250092B895 /* String+Extension.swift in Sources */,
				778ACF632B6E7CB7002536D0 /* APICaller.swift in Sources */,
				777C72562B6D99A000A86A5B /* NitrixMovies.xcdatamodeld in Sources */,
				776454F32B7013770092B895 /* DBService.swift in Sources */,
				776454F02B6FE65C0092B895 /* DetailsMovieViewModel.swift in Sources */,
				778ACF5F2B6E7747002536D0 /* MovieListViewController+TableView.swift in Sources */,
				776455002B70D3EB0092B895 /* DetailsFavoriteViewController.swift in Sources */,
				776454EE2B6FE4240092B895 /* DetailsMovieViewController.swift in Sources */,
				777C727D2B6E754600A86A5B /* MovieListViewModel.swift in Sources */,
				776454E52B6FBDD30092B895 /* Date+Extension.swift in Sources */,
				776454EB2B6FC43D0092B895 /* UINavigationItem+Extension.swift in Sources */,
				777C72682B6D9CFC00A86A5B /* TabBarController.swift in Sources */,
				776454DC2B6FA15E0092B895 /* MovieListCellViewModel.swift in Sources */,
				778ACF652B6E7D18002536D0 /* MovieModel.swift in Sources */,
				776455042B70E4A00092B895 /* FavoritesViewModel.swift in Sources */,
				778ACF672B6E7DB1002536D0 /* NetworkError.swift in Sources */,
				776454E72B6FBE260092B895 /* DateFormatter+Extension.swift in Sources */,
				777C72662B6D9C8600A86A5B /* FavoritesViewController.swift in Sources */,
				776454DA2B6F8FB20092B895 /* MovieListCell.swift in Sources */,
				777C724E2B6D99A000A86A5B /* SceneDelegate.swift in Sources */,
			);
			runOnlyForDeploymentPostprocessing = 0;
		};
/* End PBXSourcesBuildPhase section */

/* Begin PBXVariantGroup section */
		777C72592B6D99A200A86A5B /* LaunchScreen.storyboard */ = {
			isa = PBXVariantGroup;
			children = (
				777C725A2B6D99A200A86A5B /* Base */,
			);
			name = LaunchScreen.storyboard;
			sourceTree = "<group>";
		};
/* End PBXVariantGroup section */

/* Begin XCBuildConfiguration section */
		777C725D2B6D99A200A86A5B /* Debug */ = {
			isa = XCBuildConfiguration;
			buildSettings = {
				ALWAYS_SEARCH_USER_PATHS = NO;
				ASSETCATALOG_COMPILER_GENERATE_SWIFT_ASSET_SYMBOL_EXTENSIONS = YES;
				CLANG_ANALYZER_NONNULL = YES;
				CLANG_ANALYZER_NUMBER_OBJECT_CONVERSION = YES_AGGRESSIVE;
				CLANG_CXX_LANGUAGE_STANDARD = "gnu++20";
				CLANG_ENABLE_MODULES = YES;
				CLANG_ENABLE_OBJC_ARC = YES;
				CLANG_ENABLE_OBJC_WEAK = YES;
				CLANG_WARN_BLOCK_CAPTURE_AUTORELEASING = YES;
				CLANG_WARN_BOOL_CONVERSION = YES;
				CLANG_WARN_COMMA = YES;
				CLANG_WARN_CONSTANT_CONVERSION = YES;
				CLANG_WARN_DEPRECATED_OBJC_IMPLEMENTATIONS = YES;
				CLANG_WARN_DIRECT_OBJC_ISA_USAGE = YES_ERROR;
				CLANG_WARN_DOCUMENTATION_COMMENTS = YES;
				CLANG_WARN_EMPTY_BODY = YES;
				CLANG_WARN_ENUM_CONVERSION = YES;
				CLANG_WARN_INFINITE_RECURSION = YES;
				CLANG_WARN_INT_CONVERSION = YES;
				CLANG_WARN_NON_LITERAL_NULL_CONVERSION = YES;
				CLANG_WARN_OBJC_IMPLICIT_RETAIN_SELF = YES;
				CLANG_WARN_OBJC_LITERAL_CONVERSION = YES;
				CLANG_WARN_OBJC_ROOT_CLASS = YES_ERROR;
				CLANG_WARN_QUOTED_INCLUDE_IN_FRAMEWORK_HEADER = YES;
				CLANG_WARN_RANGE_LOOP_ANALYSIS = YES;
				CLANG_WARN_STRICT_PROTOTYPES = YES;
				CLANG_WARN_SUSPICIOUS_MOVE = YES;
				CLANG_WARN_UNGUARDED_AVAILABILITY = YES_AGGRESSIVE;
				CLANG_WARN_UNREACHABLE_CODE = YES;
				CLANG_WARN__DUPLICATE_METHOD_MATCH = YES;
				COPY_PHASE_STRIP = NO;
				DEBUG_INFORMATION_FORMAT = dwarf;
				ENABLE_STRICT_OBJC_MSGSEND = YES;
				ENABLE_TESTABILITY = YES;
				ENABLE_USER_SCRIPT_SANDBOXING = YES;
				GCC_C_LANGUAGE_STANDARD = gnu17;
				GCC_DYNAMIC_NO_PIC = NO;
				GCC_NO_COMMON_BLOCKS = YES;
				GCC_OPTIMIZATION_LEVEL = 0;
				GCC_PREPROCESSOR_DEFINITIONS = (
					"DEBUG=1",
					"$(inherited)",
				);
				GCC_WARN_64_TO_32_BIT_CONVERSION = YES;
				GCC_WARN_ABOUT_RETURN_TYPE = YES_ERROR;
				GCC_WARN_UNDECLARED_SELECTOR = YES;
				GCC_WARN_UNINITIALIZED_AUTOS = YES_AGGRESSIVE;
				GCC_WARN_UNUSED_FUNCTION = YES;
				GCC_WARN_UNUSED_VARIABLE = YES;
				IPHONEOS_DEPLOYMENT_TARGET = 17.2;
				LOCALIZATION_PREFERS_STRING_CATALOGS = YES;
				MTL_ENABLE_DEBUG_INFO = INCLUDE_SOURCE;
				MTL_FAST_MATH = YES;
				ONLY_ACTIVE_ARCH = YES;
				SDKROOT = iphoneos;
				SWIFT_ACTIVE_COMPILATION_CONDITIONS = "DEBUG $(inherited)";
				SWIFT_OPTIMIZATION_LEVEL = "-Onone";
			};
			name = Debug;
		};
		777C725E2B6D99A200A86A5B /* Release */ = {
			isa = XCBuildConfiguration;
			buildSettings = {
				ALWAYS_SEARCH_USER_PATHS = NO;
				ASSETCATALOG_COMPILER_GENERATE_SWIFT_ASSET_SYMBOL_EXTENSIONS = YES;
				CLANG_ANALYZER_NONNULL = YES;
				CLANG_ANALYZER_NUMBER_OBJECT_CONVERSION = YES_AGGRESSIVE;
				CLANG_CXX_LANGUAGE_STANDARD = "gnu++20";
				CLANG_ENABLE_MODULES = YES;
				CLANG_ENABLE_OBJC_ARC = YES;
				CLANG_ENABLE_OBJC_WEAK = YES;
				CLANG_WARN_BLOCK_CAPTURE_AUTORELEASING = YES;
				CLANG_WARN_BOOL_CONVERSION = YES;
				CLANG_WARN_COMMA = YES;
				CLANG_WARN_CONSTANT_CONVERSION = YES;
				CLANG_WARN_DEPRECATED_OBJC_IMPLEMENTATIONS = YES;
				CLANG_WARN_DIRECT_OBJC_ISA_USAGE = YES_ERROR;
				CLANG_WARN_DOCUMENTATION_COMMENTS = YES;
				CLANG_WARN_EMPTY_BODY = YES;
				CLANG_WARN_ENUM_CONVERSION = YES;
				CLANG_WARN_INFINITE_RECURSION = YES;
				CLANG_WARN_INT_CONVERSION = YES;
				CLANG_WARN_NON_LITERAL_NULL_CONVERSION = YES;
				CLANG_WARN_OBJC_IMPLICIT_RETAIN_SELF = YES;
				CLANG_WARN_OBJC_LITERAL_CONVERSION = YES;
				CLANG_WARN_OBJC_ROOT_CLASS = YES_ERROR;
				CLANG_WARN_QUOTED_INCLUDE_IN_FRAMEWORK_HEADER = YES;
				CLANG_WARN_RANGE_LOOP_ANALYSIS = YES;
				CLANG_WARN_STRICT_PROTOTYPES = YES;
				CLANG_WARN_SUSPICIOUS_MOVE = YES;
				CLANG_WARN_UNGUARDED_AVAILABILITY = YES_AGGRESSIVE;
				CLANG_WARN_UNREACHABLE_CODE = YES;
				CLANG_WARN__DUPLICATE_METHOD_MATCH = YES;
				COPY_PHASE_STRIP = NO;
				DEBUG_INFORMATION_FORMAT = "dwarf-with-dsym";
				ENABLE_NS_ASSERTIONS = NO;
				ENABLE_STRICT_OBJC_MSGSEND = YES;
				ENABLE_USER_SCRIPT_SANDBOXING = YES;
				GCC_C_LANGUAGE_STANDARD = gnu17;
				GCC_NO_COMMON_BLOCKS = YES;
				GCC_WARN_64_TO_32_BIT_CONVERSION = YES;
				GCC_WARN_ABOUT_RETURN_TYPE = YES_ERROR;
				GCC_WARN_UNDECLARED_SELECTOR = YES;
				GCC_WARN_UNINITIALIZED_AUTOS = YES_AGGRESSIVE;
				GCC_WARN_UNUSED_FUNCTION = YES;
				GCC_WARN_UNUSED_VARIABLE = YES;
				IPHONEOS_DEPLOYMENT_TARGET = 17.2;
				LOCALIZATION_PREFERS_STRING_CATALOGS = YES;
				MTL_ENABLE_DEBUG_INFO = NO;
				MTL_FAST_MATH = YES;
				SDKROOT = iphoneos;
				SWIFT_COMPILATION_MODE = wholemodule;
				VALIDATE_PRODUCT = YES;
			};
			name = Release;
		};
		777C72602B6D99A200A86A5B /* Debug */ = {
			isa = XCBuildConfiguration;
			buildSettings = {
				ASSETCATALOG_COMPILER_APPICON_NAME = AppIcon;
				ASSETCATALOG_COMPILER_GLOBAL_ACCENT_COLOR_NAME = AccentColor;
				CODE_SIGN_STYLE = Automatic;
				CURRENT_PROJECT_VERSION = 1;
				DEVELOPMENT_TEAM = KBJ55Q96F8;
				GENERATE_INFOPLIST_FILE = YES;
				INFOPLIST_FILE = NitrixMovies/Info.plist;
				INFOPLIST_KEY_UIApplicationSupportsIndirectInputEvents = YES;
				INFOPLIST_KEY_UILaunchStoryboardName = LaunchScreen;
				INFOPLIST_KEY_UISupportedInterfaceOrientations_iPad = "UIInterfaceOrientationPortrait UIInterfaceOrientationPortraitUpsideDown UIInterfaceOrientationLandscapeLeft UIInterfaceOrientationLandscapeRight";
				INFOPLIST_KEY_UISupportedInterfaceOrientations_iPhone = "UIInterfaceOrientationPortrait UIInterfaceOrientationLandscapeLeft UIInterfaceOrientationLandscapeRight";
				IPHONEOS_DEPLOYMENT_TARGET = 13.0;
				LD_RUNPATH_SEARCH_PATHS = (
					"$(inherited)",
					"@executable_path/Frameworks",
				);
				MARKETING_VERSION = 1.0;
				PRODUCT_BUNDLE_IDENTIFIER = OleksandrToropov.NitrixMovies;
				PRODUCT_NAME = "$(TARGET_NAME)";
				SWIFT_EMIT_LOC_STRINGS = YES;
				SWIFT_VERSION = 5.0;
				TARGETED_DEVICE_FAMILY = "1,2";
			};
			name = Debug;
		};
		777C72612B6D99A200A86A5B /* Release */ = {
			isa = XCBuildConfiguration;
			buildSettings = {
				ASSETCATALOG_COMPILER_APPICON_NAME = AppIcon;
				ASSETCATALOG_COMPILER_GLOBAL_ACCENT_COLOR_NAME = AccentColor;
				CODE_SIGN_STYLE = Automatic;
				CURRENT_PROJECT_VERSION = 1;
				DEVELOPMENT_TEAM = KBJ55Q96F8;
				GENERATE_INFOPLIST_FILE = YES;
				INFOPLIST_FILE = NitrixMovies/Info.plist;
				INFOPLIST_KEY_UIApplicationSupportsIndirectInputEvents = YES;
				INFOPLIST_KEY_UILaunchStoryboardName = LaunchScreen;
				INFOPLIST_KEY_UISupportedInterfaceOrientations_iPad = "UIInterfaceOrientationPortrait UIInterfaceOrientationPortraitUpsideDown UIInterfaceOrientationLandscapeLeft UIInterfaceOrientationLandscapeRight";
				INFOPLIST_KEY_UISupportedInterfaceOrientations_iPhone = "UIInterfaceOrientationPortrait UIInterfaceOrientationLandscapeLeft UIInterfaceOrientationLandscapeRight";
				IPHONEOS_DEPLOYMENT_TARGET = 13.0;
				LD_RUNPATH_SEARCH_PATHS = (
					"$(inherited)",
					"@executable_path/Frameworks",
				);
				MARKETING_VERSION = 1.0;
				PRODUCT_BUNDLE_IDENTIFIER = OleksandrToropov.NitrixMovies;
				PRODUCT_NAME = "$(TARGET_NAME)";
				SWIFT_EMIT_LOC_STRINGS = YES;
				SWIFT_VERSION = 5.0;
				TARGETED_DEVICE_FAMILY = "1,2";
			};
			name = Release;
		};
/* End XCBuildConfiguration section */

/* Begin XCConfigurationList section */
		777C72432B6D99A000A86A5B /* Build configuration list for PBXProject "NitrixMovies" */ = {
			isa = XCConfigurationList;
			buildConfigurations = (
				777C725D2B6D99A200A86A5B /* Debug */,
				777C725E2B6D99A200A86A5B /* Release */,
			);
			defaultConfigurationIsVisible = 0;
			defaultConfigurationName = Release;
		};
		777C725F2B6D99A200A86A5B /* Build configuration list for PBXNativeTarget "NitrixMovies" */ = {
			isa = XCConfigurationList;
			buildConfigurations = (
				777C72602B6D99A200A86A5B /* Debug */,
				777C72612B6D99A200A86A5B /* Release */,
			);
			defaultConfigurationIsVisible = 0;
			defaultConfigurationName = Release;
		};
/* End XCConfigurationList section */

/* Begin XCRemoteSwiftPackageReference section */
		776454DD2B6FB4450092B895 /* XCRemoteSwiftPackageReference "SDWebImage" */ = {
			isa = XCRemoteSwiftPackageReference;
			repositoryURL = "https://github.com/SDWebImage/SDWebImage";
			requirement = {
				kind = upToNextMajorVersion;
				minimumVersion = 5.18.10;
			};
		};
/* End XCRemoteSwiftPackageReference section */

/* Begin XCSwiftPackageProductDependency section */
		776454DE2B6FB4450092B895 /* SDWebImage */ = {
			isa = XCSwiftPackageProductDependency;
			package = 776454DD2B6FB4450092B895 /* XCRemoteSwiftPackageReference "SDWebImage" */;
			productName = SDWebImage;
		};
		776454E02B6FB4450092B895 /* SDWebImageMapKit */ = {
			isa = XCSwiftPackageProductDependency;
			package = 776454DD2B6FB4450092B895 /* XCRemoteSwiftPackageReference "SDWebImage" */;
			productName = SDWebImageMapKit;
		};
/* End XCSwiftPackageProductDependency section */

/* Begin XCVersionGroup section */
		777C72542B6D99A000A86A5B /* NitrixMovies.xcdatamodeld */ = {
			isa = XCVersionGroup;
			children = (
				777C72552B6D99A000A86A5B /* NitrixMovies.xcdatamodel */,
			);
			currentVersion = 777C72552B6D99A000A86A5B /* NitrixMovies.xcdatamodel */;
			path = NitrixMovies.xcdatamodeld;
			sourceTree = "<group>";
			versionGroupType = wrapper.xcdatamodel;
		};
/* End XCVersionGroup section */
	};
	rootObject = 777C72402B6D99A000A86A5B /* Project object */;
}
